// !$*UTF8*$!
{
	archiveVersion = 1;
	classes = {
	};
	objectVersion = 50;
	objects = {

/* Begin PBXBuildFile section */
		303E405F82279DBB42F12661 /* Pods_NetworkDaily.framework in Frameworks */ = {isa = PBXBuildFile; fileRef = B5A6D428CE3DDFD8EF252BE5 /* Pods_NetworkDaily.framework */; };
		D74EF93923861DB900349A59 /* AppDelegate.swift in Sources */ = {isa = PBXBuildFile; fileRef = D74EF93823861DB900349A59 /* AppDelegate.swift */; };
		D74EF93B23861DB900349A59 /* SceneDelegate.swift in Sources */ = {isa = PBXBuildFile; fileRef = D74EF93A23861DB900349A59 /* SceneDelegate.swift */; };
		D74EF93D23861DB900349A59 /* ImageViewController.swift in Sources */ = {isa = PBXBuildFile; fileRef = D74EF93C23861DB900349A59 /* ImageViewController.swift */; };
		D74EF94023861DB900349A59 /* Main.storyboard in Resources */ = {isa = PBXBuildFile; fileRef = D74EF93E23861DB900349A59 /* Main.storyboard */; };
		D74EF94223861DB900349A59 /* Assets.xcassets in Resources */ = {isa = PBXBuildFile; fileRef = D74EF94123861DB900349A59 /* Assets.xcassets */; };
		D74EF94523861DB900349A59 /* LaunchScreen.storyboard in Resources */ = {isa = PBXBuildFile; fileRef = D74EF94323861DB900349A59 /* LaunchScreen.storyboard */; };
		D74EF94F2386F69B00349A59 /* CoursesViewController.swift in Sources */ = {isa = PBXBuildFile; fileRef = D74EF94E2386F69B00349A59 /* CoursesViewController.swift */; };
		D74EF9512386FA9F00349A59 /* Course.swift in Sources */ = {isa = PBXBuildFile; fileRef = D74EF9502386FA9F00349A59 /* Course.swift */; };
		D74EF9532387082300349A59 /* WebsiteDescription.swift in Sources */ = {isa = PBXBuildFile; fileRef = D74EF9522387082300349A59 /* WebsiteDescription.swift */; };
		D74EF95523874FC700349A59 /* TableViewCell.swift in Sources */ = {isa = PBXBuildFile; fileRef = D74EF95423874FC700349A59 /* TableViewCell.swift */; };
		D74EF95723876F2B00349A59 /* WebKitViewController.swift in Sources */ = {isa = PBXBuildFile; fileRef = D74EF95623876F2B00349A59 /* WebKitViewController.swift */; };
		D74EF9592388200300349A59 /* ViewController.swift in Sources */ = {isa = PBXBuildFile; fileRef = D74EF9582388200300349A59 /* ViewController.swift */; };
		D74EF95B238823B700349A59 /* CollectionViewCell.swift in Sources */ = {isa = PBXBuildFile; fileRef = D74EF95A238823B700349A59 /* CollectionViewCell.swift */; };
		D74EF95D238919AC00349A59 /* NetworkManager.swift in Sources */ = {isa = PBXBuildFile; fileRef = D74EF95C238919AC00349A59 /* NetworkManager.swift */; };
		D769A730238950BD0078BC6C /* ImageProperties.swift in Sources */ = {isa = PBXBuildFile; fileRef = D769A72F238950BD0078BC6C /* ImageProperties.swift */; };
		D769A734238972170078BC6C /* DataProvider.swift in Sources */ = {isa = PBXBuildFile; fileRef = D769A733238972170078BC6C /* DataProvider.swift */; };
		D769A736238AF84C0078BC6C /* AlamofireNetworkRequest.swift in Sources */ = {isa = PBXBuildFile; fileRef = D769A735238AF84C0078BC6C /* AlamofireNetworkRequest.swift */; };
/* End PBXBuildFile section */

/* Begin PBXFileReference section */
		5A1C86158C2CDA769B692638 /* Pods-NetworkDaily.release.xcconfig */ = {isa = PBXFileReference; includeInIndex = 1; lastKnownFileType = text.xcconfig; name = "Pods-NetworkDaily.release.xcconfig"; path = "Target Support Files/Pods-NetworkDaily/Pods-NetworkDaily.release.xcconfig"; sourceTree = "<group>"; };
		719F3CD6470636E7B6384412 /* Pods-NetworkDaily.debug.xcconfig */ = {isa = PBXFileReference; includeInIndex = 1; lastKnownFileType = text.xcconfig; name = "Pods-NetworkDaily.debug.xcconfig"; path = "Target Support Files/Pods-NetworkDaily/Pods-NetworkDaily.debug.xcconfig"; sourceTree = "<group>"; };
		B5A6D428CE3DDFD8EF252BE5 /* Pods_NetworkDaily.framework */ = {isa = PBXFileReference; explicitFileType = wrapper.framework; includeInIndex = 0; path = Pods_NetworkDaily.framework; sourceTree = BUILT_PRODUCTS_DIR; };
		D74EF93523861DB900349A59 /* NetworkDaily.app */ = {isa = PBXFileReference; explicitFileType = wrapper.application; includeInIndex = 0; path = NetworkDaily.app; sourceTree = BUILT_PRODUCTS_DIR; };
		D74EF93823861DB900349A59 /* AppDelegate.swift */ = {isa = PBXFileReference; lastKnownFileType = sourcecode.swift; path = AppDelegate.swift; sourceTree = "<group>"; };
		D74EF93A23861DB900349A59 /* SceneDelegate.swift */ = {isa = PBXFileReference; lastKnownFileType = sourcecode.swift; path = SceneDelegate.swift; sourceTree = "<group>"; };
		D74EF93C23861DB900349A59 /* ImageViewController.swift */ = {isa = PBXFileReference; lastKnownFileType = sourcecode.swift; path = ImageViewController.swift; sourceTree = "<group>"; };
		D74EF93F23861DB900349A59 /* Base */ = {isa = PBXFileReference; lastKnownFileType = file.storyboard; name = Base; path = Base.lproj/Main.storyboard; sourceTree = "<group>"; };
		D74EF94123861DB900349A59 /* Assets.xcassets */ = {isa = PBXFileReference; lastKnownFileType = folder.assetcatalog; path = Assets.xcassets; sourceTree = "<group>"; };
		D74EF94423861DB900349A59 /* Base */ = {isa = PBXFileReference; lastKnownFileType = file.storyboard; name = Base; path = Base.lproj/LaunchScreen.storyboard; sourceTree = "<group>"; };
		D74EF94623861DB900349A59 /* Info.plist */ = {isa = PBXFileReference; lastKnownFileType = text.plist.xml; path = Info.plist; sourceTree = "<group>"; };
		D74EF94E2386F69B00349A59 /* CoursesViewController.swift */ = {isa = PBXFileReference; lastKnownFileType = sourcecode.swift; path = CoursesViewController.swift; sourceTree = "<group>"; };
		D74EF9502386FA9F00349A59 /* Course.swift */ = {isa = PBXFileReference; lastKnownFileType = sourcecode.swift; path = Course.swift; sourceTree = "<group>"; };
		D74EF9522387082300349A59 /* WebsiteDescription.swift */ = {isa = PBXFileReference; lastKnownFileType = sourcecode.swift; path = WebsiteDescription.swift; sourceTree = "<group>"; };
		D74EF95423874FC700349A59 /* TableViewCell.swift */ = {isa = PBXFileReference; lastKnownFileType = sourcecode.swift; path = TableViewCell.swift; sourceTree = "<group>"; };
		D74EF95623876F2B00349A59 /* WebKitViewController.swift */ = {isa = PBXFileReference; lastKnownFileType = sourcecode.swift; path = WebKitViewController.swift; sourceTree = "<group>"; };
		D74EF9582388200300349A59 /* ViewController.swift */ = {isa = PBXFileReference; lastKnownFileType = sourcecode.swift; path = ViewController.swift; sourceTree = "<group>"; };
		D74EF95A238823B700349A59 /* CollectionViewCell.swift */ = {isa = PBXFileReference; lastKnownFileType = sourcecode.swift; path = CollectionViewCell.swift; sourceTree = "<group>"; };
		D74EF95C238919AC00349A59 /* NetworkManager.swift */ = {isa = PBXFileReference; lastKnownFileType = sourcecode.swift; path = NetworkManager.swift; sourceTree = "<group>"; };
		D769A72F238950BD0078BC6C /* ImageProperties.swift */ = {isa = PBXFileReference; lastKnownFileType = sourcecode.swift; path = ImageProperties.swift; sourceTree = "<group>"; };
		D769A733238972170078BC6C /* DataProvider.swift */ = {isa = PBXFileReference; lastKnownFileType = sourcecode.swift; path = DataProvider.swift; sourceTree = "<group>"; };
		D769A735238AF84C0078BC6C /* AlamofireNetworkRequest.swift */ = {isa = PBXFileReference; lastKnownFileType = sourcecode.swift; path = AlamofireNetworkRequest.swift; sourceTree = "<group>"; };
/* End PBXFileReference section */

/* Begin PBXFrameworksBuildPhase section */
		D74EF93223861DB800349A59 /* Frameworks */ = {
			isa = PBXFrameworksBuildPhase;
			buildActionMask = 2147483647;
			files = (
				303E405F82279DBB42F12661 /* Pods_NetworkDaily.framework in Frameworks */,
			);
			runOnlyForDeploymentPostprocessing = 0;
		};
/* End PBXFrameworksBuildPhase section */

/* Begin PBXGroup section */
		54298FBEB75C8D765D28DD27 /* Frameworks */ = {
			isa = PBXGroup;
			children = (
				B5A6D428CE3DDFD8EF252BE5 /* Pods_NetworkDaily.framework */,
			);
			name = Frameworks;
			sourceTree = "<group>";
		};
		A1F1D00F9F7BF98AEE5728DD /* Pods */ = {
			isa = PBXGroup;
			children = (
				719F3CD6470636E7B6384412 /* Pods-NetworkDaily.debug.xcconfig */,
				5A1C86158C2CDA769B692638 /* Pods-NetworkDaily.release.xcconfig */,
			);
			name = Pods;
			path = Pods;
			sourceTree = "<group>";
		};
		D74EF92C23861DB800349A59 = {
			isa = PBXGroup;
			children = (
				D74EF93723861DB900349A59 /* NetworkDaily */,
				D74EF93623861DB900349A59 /* Products */,
				A1F1D00F9F7BF98AEE5728DD /* Pods */,
				54298FBEB75C8D765D28DD27 /* Frameworks */,
			);
			sourceTree = "<group>";
		};
		D74EF93623861DB900349A59 /* Products */ = {
			isa = PBXGroup;
			children = (
				D74EF93523861DB900349A59 /* NetworkDaily.app */,
			);
			name = Products;
			sourceTree = "<group>";
		};
		D74EF93723861DB900349A59 /* NetworkDaily */ = {
			isa = PBXGroup;
			children = (
				D74EF93823861DB900349A59 /* AppDelegate.swift */,
				D74EF93A23861DB900349A59 /* SceneDelegate.swift */,
				D74EF95C238919AC00349A59 /* NetworkManager.swift */,
				D769A735238AF84C0078BC6C /* AlamofireNetworkRequest.swift */,
				D74EF9582388200300349A59 /* ViewController.swift */,
				D74EF93C23861DB900349A59 /* ImageViewController.swift */,
				D74EF94E2386F69B00349A59 /* CoursesViewController.swift */,
				D74EF95A238823B700349A59 /* CollectionViewCell.swift */,
				D74EF95423874FC700349A59 /* TableViewCell.swift */,
				D74EF9522387082300349A59 /* WebsiteDescription.swift */,
				D74EF95623876F2B00349A59 /* WebKitViewController.swift */,
				D769A72F238950BD0078BC6C /* ImageProperties.swift */,
				D769A733238972170078BC6C /* DataProvider.swift */,
				D74EF9502386FA9F00349A59 /* Course.swift */,
				D74EF93E23861DB900349A59 /* Main.storyboard */,
				D74EF94123861DB900349A59 /* Assets.xcassets */,
				D74EF94323861DB900349A59 /* LaunchScreen.storyboard */,
				D74EF94623861DB900349A59 /* Info.plist */,
			);
			path = NetworkDaily;
			sourceTree = "<group>";
		};
/* End PBXGroup section */

/* Begin PBXNativeTarget section */
		D74EF93423861DB800349A59 /* NetworkDaily */ = {
			isa = PBXNativeTarget;
			buildConfigurationList = D74EF94923861DB900349A59 /* Build configuration list for PBXNativeTarget "NetworkDaily" */;
			buildPhases = (
				BF261600EF68CF870A23F18E /* [CP] Check Pods Manifest.lock */,
				D74EF93123861DB800349A59 /* Sources */,
				D74EF93223861DB800349A59 /* Frameworks */,
				D74EF93323861DB800349A59 /* Resources */,
				13567CEEF54EB783F54B2935 /* [CP] Embed Pods Frameworks */,
			);
			buildRules = (
			);
			dependencies = (
			);
			name = NetworkDaily;
			productName = NetworkDaily;
			productReference = D74EF93523861DB900349A59 /* NetworkDaily.app */;
			productType = "com.apple.product-type.application";
		};
/* End PBXNativeTarget section */

/* Begin PBXProject section */
		D74EF92D23861DB800349A59 /* Project object */ = {
			isa = PBXProject;
			attributes = {
				LastSwiftUpdateCheck = 1110;
				LastUpgradeCheck = 1110;
				ORGANIZATIONNAME = wtildestar;
				TargetAttributes = {
					D74EF93423861DB800349A59 = {
						CreatedOnToolsVersion = 11.1;
					};
				};
			};
			buildConfigurationList = D74EF93023861DB800349A59 /* Build configuration list for PBXProject "NetworkDaily" */;
			compatibilityVersion = "Xcode 9.3";
			developmentRegion = en;
			hasScannedForEncodings = 0;
			knownRegions = (
				en,
				Base,
			);
			mainGroup = D74EF92C23861DB800349A59;
			productRefGroup = D74EF93623861DB900349A59 /* Products */;
			projectDirPath = "";
			projectRoot = "";
			targets = (
				D74EF93423861DB800349A59 /* NetworkDaily */,
			);
		};
/* End PBXProject section */

/* Begin PBXResourcesBuildPhase section */
		D74EF93323861DB800349A59 /* Resources */ = {
			isa = PBXResourcesBuildPhase;
			buildActionMask = 2147483647;
			files = (
				D74EF94523861DB900349A59 /* LaunchScreen.storyboard in Resources */,
				D74EF94223861DB900349A59 /* Assets.xcassets in Resources */,
				D74EF94023861DB900349A59 /* Main.storyboard in Resources */,
			);
			runOnlyForDeploymentPostprocessing = 0;
		};
/* End PBXResourcesBuildPhase section */

/* Begin PBXShellScriptBuildPhase section */
		13567CEEF54EB783F54B2935 /* [CP] Embed Pods Frameworks */ = {
			isa = PBXShellScriptBuildPhase;
			buildActionMask = 2147483647;
			files = (
			);
			inputFileListPaths = (
				"${PODS_ROOT}/Target Support Files/Pods-NetworkDaily/Pods-NetworkDaily-frameworks-${CONFIGURATION}-input-files.xcfilelist",
			);
			name = "[CP] Embed Pods Frameworks";
			outputFileListPaths = (
				"${PODS_ROOT}/Target Support Files/Pods-NetworkDaily/Pods-NetworkDaily-frameworks-${CONFIGURATION}-output-files.xcfilelist",
			);
			runOnlyForDeploymentPostprocessing = 0;
			shellPath = /bin/sh;
			shellScript = "\"${PODS_ROOT}/Target Support Files/Pods-NetworkDaily/Pods-NetworkDaily-frameworks.sh\"\n";
			showEnvVarsInLog = 0;
		};
		BF261600EF68CF870A23F18E /* [CP] Check Pods Manifest.lock */ = {
			isa = PBXShellScriptBuildPhase;
			buildActionMask = 2147483647;
			files = (
			);
			inputFileListPaths = (
			);
			inputPaths = (
				"${PODS_PODFILE_DIR_PATH}/Podfile.lock",
				"${PODS_ROOT}/Manifest.lock",
			);
			name = "[CP] Check Pods Manifest.lock";
			outputFileListPaths = (
			);
			outputPaths = (
				"$(DERIVED_FILE_DIR)/Pods-NetworkDaily-checkManifestLockResult.txt",
			);
			runOnlyForDeploymentPostprocessing = 0;
			shellPath = /bin/sh;
			shellScript = "diff \"${PODS_PODFILE_DIR_PATH}/Podfile.lock\" \"${PODS_ROOT}/Manifest.lock\" > /dev/null\nif [ $? != 0 ] ; then\n    # print error to STDERR\n    echo \"error: The sandbox is not in sync with the Podfile.lock. Run 'pod install' or update your CocoaPods installation.\" >&2\n    exit 1\nfi\n# This output is used by Xcode 'outputs' to avoid re-running this script phase.\necho \"SUCCESS\" > \"${SCRIPT_OUTPUT_FILE_0}\"\n";
			showEnvVarsInLog = 0;
		};
/* End PBXShellScriptBuildPhase section */

/* Begin PBXSourcesBuildPhase section */
		D74EF93123861DB800349A59 /* Sources */ = {
			isa = PBXSourcesBuildPhase;
			buildActionMask = 2147483647;
			files = (
				D74EF95D238919AC00349A59 /* NetworkManager.swift in Sources */,
				D74EF9592388200300349A59 /* ViewController.swift in Sources */,
				D74EF9532387082300349A59 /* WebsiteDescription.swift in Sources */,
				D74EF95523874FC700349A59 /* TableViewCell.swift in Sources */,
				D74EF9512386FA9F00349A59 /* Course.swift in Sources */,
				D74EF93D23861DB900349A59 /* ImageViewController.swift in Sources */,
				D74EF93923861DB900349A59 /* AppDelegate.swift in Sources */,
				D769A736238AF84C0078BC6C /* AlamofireNetworkRequest.swift in Sources */,
				D74EF93B23861DB900349A59 /* SceneDelegate.swift in Sources */,
				D769A730238950BD0078BC6C /* ImageProperties.swift in Sources */,
				D74EF94F2386F69B00349A59 /* CoursesViewController.swift in Sources */,
				D74EF95723876F2B00349A59 /* WebKitViewController.swift in Sources */,
				D74EF95B238823B700349A59 /* CollectionViewCell.swift in Sources */,
				D769A734238972170078BC6C /* DataProvider.swift in Sources */,
			);
			runOnlyForDeploymentPostprocessing = 0;
		};
/* End PBXSourcesBuildPhase section */

/* Begin PBXVariantGroup section */
		D74EF93E23861DB900349A59 /* Main.storyboard */ = {
			isa = PBXVariantGroup;
			children = (
				D74EF93F23861DB900349A59 /* Base */,
			);
			name = Main.storyboard;
			sourceTree = "<group>";
		};
		D74EF94323861DB900349A59 /* LaunchScreen.storyboard */ = {
			isa = PBXVariantGroup;
			children = (
				D74EF94423861DB900349A59 /* Base */,
			);
			name = LaunchScreen.storyboard;
			sourceTree = "<group>";
		};
/* End PBXVariantGroup section */

/* Begin XCBuildConfiguration section */
		D74EF94723861DB900349A59 /* Debug */ = {
			isa = XCBuildConfiguration;
			buildSettings = {
				ALWAYS_SEARCH_USER_PATHS = NO;
				CLANG_ANALYZER_NONNULL = YES;
				CLANG_ANALYZER_NUMBER_OBJECT_CONVERSION = YES_AGGRESSIVE;
				CLANG_CXX_LANGUAGE_STANDARD = "gnu++14";
				CLANG_CXX_LIBRARY = "libc++";
				CLANG_ENABLE_MODULES = YES;
				CLANG_ENABLE_OBJC_ARC = YES;
				CLANG_ENABLE_OBJC_WEAK = YES;
				CLANG_WARN_BLOCK_CAPTURE_AUTORELEASING = YES;
				CLANG_WARN_BOOL_CONVERSION = YES;
				CLANG_WARN_COMMA = YES;
				CLANG_WARN_CONSTANT_CONVERSION = YES;
				CLANG_WARN_DEPRECATED_OBJC_IMPLEMENTATIONS = YES;
				CLANG_WARN_DIRECT_OBJC_ISA_USAGE = YES_ERROR;
				CLANG_WARN_DOCUMENTATION_COMMENTS = YES;
				CLANG_WARN_EMPTY_BODY = YES;
				CLANG_WARN_ENUM_CONVERSION = YES;
				CLANG_WARN_INFINITE_RECURSION = YES;
				CLANG_WARN_INT_CONVERSION = YES;
				CLANG_WARN_NON_LITERAL_NULL_CONVERSION = YES;
				CLANG_WARN_OBJC_IMPLICIT_RETAIN_SELF = YES;
				CLANG_WARN_OBJC_LITERAL_CONVERSION = YES;
				CLANG_WARN_OBJC_ROOT_CLASS = YES_ERROR;
				CLANG_WARN_RANGE_LOOP_ANALYSIS = YES;
				CLANG_WARN_STRICT_PROTOTYPES = YES;
				CLANG_WARN_SUSPICIOUS_MOVE = YES;
				CLANG_WARN_UNGUARDED_AVAILABILITY = YES_AGGRESSIVE;
				CLANG_WARN_UNREACHABLE_CODE = YES;
				CLANG_WARN__DUPLICATE_METHOD_MATCH = YES;
				COPY_PHASE_STRIP = NO;
				DEBUG_INFORMATION_FORMAT = dwarf;
				ENABLE_STRICT_OBJC_MSGSEND = YES;
				ENABLE_TESTABILITY = YES;
				GCC_C_LANGUAGE_STANDARD = gnu11;
				GCC_DYNAMIC_NO_PIC = NO;
				GCC_NO_COMMON_BLOCKS = YES;
				GCC_OPTIMIZATION_LEVEL = 0;
				GCC_PREPROCESSOR_DEFINITIONS = (
					"DEBUG=1",
					"$(inherited)",
				);
				GCC_WARN_64_TO_32_BIT_CONVERSION = YES;
				GCC_WARN_ABOUT_RETURN_TYPE = YES_ERROR;
				GCC_WARN_UNDECLARED_SELECTOR = YES;
				GCC_WARN_UNINITIALIZED_AUTOS = YES_AGGRESSIVE;
				GCC_WARN_UNUSED_FUNCTION = YES;
				GCC_WARN_UNUSED_VARIABLE = YES;
				IPHONEOS_DEPLOYMENT_TARGET = 13.1;
				MTL_ENABLE_DEBUG_INFO = INCLUDE_SOURCE;
				MTL_FAST_MATH = YES;
				ONLY_ACTIVE_ARCH = YES;
				SDKROOT = iphoneos;
				SWIFT_ACTIVE_COMPILATION_CONDITIONS = DEBUG;
				SWIFT_OPTIMIZATION_LEVEL = "-Onone";
			};
			name = Debug;
		};
		D74EF94823861DB900349A59 /* Release */ = {
			isa = XCBuildConfiguration;
			buildSettings = {
				ALWAYS_SEARCH_USER_PATHS = NO;
				CLANG_ANALYZER_NONNULL = YES;
				CLANG_ANALYZER_NUMBER_OBJECT_CONVERSION = YES_AGGRESSIVE;
				CLANG_CXX_LANGUAGE_STANDARD = "gnu++14";
				CLANG_CXX_LIBRARY = "libc++";
				CLANG_ENABLE_MODULES = YES;
				CLANG_ENABLE_OBJC_ARC = YES;
				CLANG_ENABLE_OBJC_WEAK = YES;
				CLANG_WARN_BLOCK_CAPTURE_AUTORELEASING = YES;
				CLANG_WARN_BOOL_CONVERSION = YES;
				CLANG_WARN_COMMA = YES;
				CLANG_WARN_CONSTANT_CONVERSION = YES;
				CLANG_WARN_DEPRECATED_OBJC_IMPLEMENTATIONS = YES;
				CLANG_WARN_DIRECT_OBJC_ISA_USAGE = YES_ERROR;
				CLANG_WARN_DOCUMENTATION_COMMENTS = YES;
				CLANG_WARN_EMPTY_BODY = YES;
				CLANG_WARN_ENUM_CONVERSION = YES;
				CLANG_WARN_INFINITE_RECURSION = YES;
				CLANG_WARN_INT_CONVERSION = YES;
				CLANG_WARN_NON_LITERAL_NULL_CONVERSION = YES;
				CLANG_WARN_OBJC_IMPLICIT_RETAIN_SELF = YES;
				CLANG_WARN_OBJC_LITERAL_CONVERSION = YES;
				CLANG_WARN_OBJC_ROOT_CLASS = YES_ERROR;
				CLANG_WARN_RANGE_LOOP_ANALYSIS = YES;
				CLANG_WARN_STRICT_PROTOTYPES = YES;
				CLANG_WARN_SUSPICIOUS_MOVE = YES;
				CLANG_WARN_UNGUARDED_AVAILABILITY = YES_AGGRESSIVE;
				CLANG_WARN_UNREACHABLE_CODE = YES;
				CLANG_WARN__DUPLICATE_METHOD_MATCH = YES;
				COPY_PHASE_STRIP = NO;
				DEBUG_INFORMATION_FORMAT = "dwarf-with-dsym";
				ENABLE_NS_ASSERTIONS = NO;
				ENABLE_STRICT_OBJC_MSGSEND = YES;
				GCC_C_LANGUAGE_STANDARD = gnu11;
				GCC_NO_COMMON_BLOCKS = YES;
				GCC_WARN_64_TO_32_BIT_CONVERSION = YES;
				GCC_WARN_ABOUT_RETURN_TYPE = YES_ERROR;
				GCC_WARN_UNDECLARED_SELECTOR = YES;
				GCC_WARN_UNINITIALIZED_AUTOS = YES_AGGRESSIVE;
				GCC_WARN_UNUSED_FUNCTION = YES;
				GCC_WARN_UNUSED_VARIABLE = YES;
				IPHONEOS_DEPLOYMENT_TARGET = 13.1;
				MTL_ENABLE_DEBUG_INFO = NO;
				MTL_FAST_MATH = YES;
				SDKROOT = iphoneos;
				SWIFT_COMPILATION_MODE = wholemodule;
				SWIFT_OPTIMIZATION_LEVEL = "-O";
				VALIDATE_PRODUCT = YES;
			};
			name = Release;
		};
		D74EF94A23861DB900349A59 /* Debug */ = {
			isa = XCBuildConfiguration;
			baseConfigurationReference = 719F3CD6470636E7B6384412 /* Pods-NetworkDaily.debug.xcconfig */;
			buildSettings = {
				ASSETCATALOG_COMPILER_APPICON_NAME = AppIcon;
				CODE_SIGN_STYLE = Automatic;
				DEVELOPMENT_TEAM = MYWL92898Y;
				INFOPLIST_FILE = NetworkDaily/Info.plist;
				LD_RUNPATH_SEARCH_PATHS = (
					"$(inherited)",
					"@executable_path/Frameworks",
				);
				PRODUCT_BUNDLE_IDENTIFIER = com.wtildestar.NetworkDaily;
				PRODUCT_NAME = "$(TARGET_NAME)";
				SWIFT_VERSION = 5.0;
				TARGETED_DEVICE_FAMILY = "1,2";
			};
			name = Debug;
		};
		D74EF94B23861DB900349A59 /* Release */ = {
			isa = XCBuildConfiguration;
			baseConfigurationReference = 5A1C86158C2CDA769B692638 /* Pods-NetworkDaily.release.xcconfig */;
			buildSettings = {
				ASSETCATALOG_COMPILER_APPICON_NAME = AppIcon;
				CODE_SIGN_STYLE = Automatic;
				DEVELOPMENT_TEAM = MYWL92898Y;
				INFOPLIST_FILE = NetworkDaily/Info.plist;
				LD_RUNPATH_SEARCH_PATHS = (
					"$(inherited)",
					"@executable_path/Frameworks",
				);
				PRODUCT_BUNDLE_IDENTIFIER = com.wtildestar.NetworkDaily;
				PRODUCT_NAME = "$(TARGET_NAME)";
				SWIFT_VERSION = 5.0;
				TARGETED_DEVICE_FAMILY = "1,2";
			};
			name = Release;
		};
/* End XCBuildConfiguration section */

/* Begin XCConfigurationList section */
		D74EF93023861DB800349A59 /* Build configuration list for PBXProject "NetworkDaily" */ = {
			isa = XCConfigurationList;
			buildConfigurations = (
				D74EF94723861DB900349A59 /* Debug */,
				D74EF94823861DB900349A59 /* Release */,
			);
			defaultConfigurationIsVisible = 0;
			defaultConfigurationName = Release;
		};
		D74EF94923861DB900349A59 /* Build configuration list for PBXNativeTarget "NetworkDaily" */ = {
			isa = XCConfigurationList;
			buildConfigurations = (
				D74EF94A23861DB900349A59 /* Debug */,
				D74EF94B23861DB900349A59 /* Release */,
			);
			defaultConfigurationIsVisible = 0;
			defaultConfigurationName = Release;
		};
/* End XCConfigurationList section */
	};
	rootObject = D74EF92D23861DB800349A59 /* Project object */;
}
